
Microsoft Visual Studio Solution File, Format Version 12.00
# Visual Studio Version 17
VisualStudioVersion = 17.7.34009.444
MinimumVisualStudioVersion = 10.0.40219.1
Project("{FAE04EC0-301F-11D3-BF4B-00C04F79EFBC}") = "FirstApp", "FirstApp\FirstApp.csproj", "{16A3B9F8-40CF-43A9-A42E-5C6A2BAB8C84}"
EndProject
Global
	GlobalSection(SolutionConfigurationPlatforms) = preSolution
		Debug|Any CPU = Debug|Any CPU
		Release|Any CPU = Release|Any CPU
	EndGlobalSection
	GlobalSection(ProjectConfigurationPlatforms) = postSolution
		{16A3B9F8-40CF-43A9-A42E-5C6A2BAB8C84}.Debug|Any CPU.ActiveCfg = Debug|Any CPU
		{16A3B9F8-40CF-43A9-A42E-5C6A2BAB8C84}.Debug|Any CPU.Build.0 = Debug|Any CPU
		{16A3B9F8-40CF-43A9-A42E-5C6A2BAB8C84}.Release|Any CPU.ActiveCfg = Release|Any CPU
		{16A3B9F8-40CF-43A9-A42E-5C6A2BAB8C84}.Release|Any CPU.Build.0 = Release|Any CPU
	EndGlobalSection
	GlobalSection(SolutionProperties) = preSolution
		HideSolutionNode = FALSE
	EndGlobalSection
	GlobalSection(ExtensibilityGlobals) = postSolution
		SolutionGuid = {97D30CD6-CA6A-435A-9F46-EE6FBC72DA5A}
	EndGlobalSection
EndGlobal
